// !$*UTF8*$!
{
	archiveVersion = 1;
	classes = {
	};
	objectVersion = 46;
	objects = {

/* Begin PBXBuildFile section */
		4D76E01E1D5AEDF9001FDBBA /* main.m in Sources */ = {isa = PBXBuildFile; fileRef = 4D76E01D1D5AEDF9001FDBBA /* main.m */; };
		4D76E0211D5AEDF9001FDBBA /* AppDelegate.m in Sources */ = {isa = PBXBuildFile; fileRef = 4D76E0201D5AEDF9001FDBBA /* AppDelegate.m */; };
		4D76E0241D5AEDF9001FDBBA /* ViewController.m in Sources */ = {isa = PBXBuildFile; fileRef = 4D76E0231D5AEDF9001FDBBA /* ViewController.m */; };
		4D76E0271D5AEDF9001FDBBA /* Main.storyboard in Resources */ = {isa = PBXBuildFile; fileRef = 4D76E0251D5AEDF9001FDBBA /* Main.storyboard */; };
		4D76E0291D5AEDF9001FDBBA /* Assets.xcassets in Resources */ = {isa = PBXBuildFile; fileRef = 4D76E0281D5AEDF9001FDBBA /* Assets.xcassets */; };
		4D76E02C1D5AEDF9001FDBBA /* LaunchScreen.storyboard in Resources */ = {isa = PBXBuildFile; fileRef = 4D76E02A1D5AEDF9001FDBBA /* LaunchScreen.storyboard */; };
		85BDBA4E5A6794AE99DAFC6D /* libPods-LocalyticsDeepLinkBreakagePOC.a in Frameworks */ = {isa = PBXBuildFile; fileRef = 5B01EB035C2ECC0728A0D30D /* libPods-LocalyticsDeepLinkBreakagePOC.a */; };
/* End PBXBuildFile section */

/* Begin PBXFileReference section */
		32CF28F3BA932803F6076D1E /* Pods-LocalyticsDeepLinkBreakagePOC.release.xcconfig */ = {isa = PBXFileReference; includeInIndex = 1; lastKnownFileType = text.xcconfig; name = "Pods-LocalyticsDeepLinkBreakagePOC.release.xcconfig"; path = "Pods/Target Support Files/Pods-LocalyticsDeepLinkBreakagePOC/Pods-LocalyticsDeepLinkBreakagePOC.release.xcconfig"; sourceTree = "<group>"; };
		4D76E0191D5AEDF9001FDBBA /* LocalyticsDeepLinkBreakagePOC.app */ = {isa = PBXFileReference; explicitFileType = wrapper.application; includeInIndex = 0; path = LocalyticsDeepLinkBreakagePOC.app; sourceTree = BUILT_PRODUCTS_DIR; };
		4D76E01D1D5AEDF9001FDBBA /* main.m */ = {isa = PBXFileReference; lastKnownFileType = sourcecode.c.objc; path = main.m; sourceTree = "<group>"; };
		4D76E01F1D5AEDF9001FDBBA /* AppDelegate.h */ = {isa = PBXFileReference; lastKnownFileType = sourcecode.c.h; path = AppDelegate.h; sourceTree = "<group>"; };
		4D76E0201D5AEDF9001FDBBA /* AppDelegate.m */ = {isa = PBXFileReference; lastKnownFileType = sourcecode.c.objc; path = AppDelegate.m; sourceTree = "<group>"; };
		4D76E0221D5AEDF9001FDBBA /* ViewController.h */ = {isa = PBXFileReference; lastKnownFileType = sourcecode.c.h; path = ViewController.h; sourceTree = "<group>"; };
		4D76E0231D5AEDF9001FDBBA /* ViewController.m */ = {isa = PBXFileReference; lastKnownFileType = sourcecode.c.objc; path = ViewController.m; sourceTree = "<group>"; };
		4D76E0261D5AEDF9001FDBBA /* Base */ = {isa = PBXFileReference; lastKnownFileType = file.storyboard; name = Base; path = Base.lproj/Main.storyboard; sourceTree = "<group>"; };
		4D76E0281D5AEDF9001FDBBA /* Assets.xcassets */ = {isa = PBXFileReference; lastKnownFileType = folder.assetcatalog; path = Assets.xcassets; sourceTree = "<group>"; };
		4D76E02B1D5AEDF9001FDBBA /* Base */ = {isa = PBXFileReference; lastKnownFileType = file.storyboard; name = Base; path = Base.lproj/LaunchScreen.storyboard; sourceTree = "<group>"; };
		4D76E02D1D5AEDF9001FDBBA /* Info.plist */ = {isa = PBXFileReference; lastKnownFileType = text.plist.xml; path = Info.plist; sourceTree = "<group>"; };
		5B01EB035C2ECC0728A0D30D /* libPods-LocalyticsDeepLinkBreakagePOC.a */ = {isa = PBXFileReference; explicitFileType = archive.ar; includeInIndex = 0; path = "libPods-LocalyticsDeepLinkBreakagePOC.a"; sourceTree = BUILT_PRODUCTS_DIR; };
		6CB8D1FE030C85CDEA53E0B4 /* Pods-LocalyticsDeepLinkBreakagePOC.debug.xcconfig */ = {isa = PBXFileReference; includeInIndex = 1; lastKnownFileType = text.xcconfig; name = "Pods-LocalyticsDeepLinkBreakagePOC.debug.xcconfig"; path = "Pods/Target Support Files/Pods-LocalyticsDeepLinkBreakagePOC/Pods-LocalyticsDeepLinkBreakagePOC.debug.xcconfig"; sourceTree = "<group>"; };
/* End PBXFileReference section */

/* Begin PBXFrameworksBuildPhase section */
		4D76E0161D5AEDF9001FDBBA /* Frameworks */ = {
			isa = PBXFrameworksBuildPhase;
			buildActionMask = 2147483647;
			files = (
				85BDBA4E5A6794AE99DAFC6D /* libPods-LocalyticsDeepLinkBreakagePOC.a in Frameworks */,
			);
			runOnlyForDeploymentPostprocessing = 0;
		};
/* End PBXFrameworksBuildPhase section */

/* Begin PBXGroup section */
		4D76E0101D5AEDF8001FDBBA = {
			isa = PBXGroup;
			children = (
				4D76E01B1D5AEDF9001FDBBA /* LocalyticsDeepLinkBreakagePOC */,
				4D76E01A1D5AEDF9001FDBBA /* Products */,
				9006E93330622A31D982BF1E /* Pods */,
				ABC35B44AE7DF6A9C8B2E195 /* Frameworks */,
			);
			sourceTree = "<group>";
		};
		4D76E01A1D5AEDF9001FDBBA /* Products */ = {
			isa = PBXGroup;
			children = (
				4D76E0191D5AEDF9001FDBBA /* LocalyticsDeepLinkBreakagePOC.app */,
			);
			name = Products;
			sourceTree = "<group>";
		};
		4D76E01B1D5AEDF9001FDBBA /* LocalyticsDeepLinkBreakagePOC */ = {
			isa = PBXGroup;
			children = (
				4D76E01F1D5AEDF9001FDBBA /* AppDelegate.h */,
				4D76E0201D5AEDF9001FDBBA /* AppDelegate.m */,
				4D76E0221D5AEDF9001FDBBA /* ViewController.h */,
				4D76E0231D5AEDF9001FDBBA /* ViewController.m */,
				4D76E0251D5AEDF9001FDBBA /* Main.storyboard */,
				4D76E0281D5AEDF9001FDBBA /* Assets.xcassets */,
				4D76E02A1D5AEDF9001FDBBA /* LaunchScreen.storyboard */,
				4D76E02D1D5AEDF9001FDBBA /* Info.plist */,
				4D76E01C1D5AEDF9001FDBBA /* Supporting Files */,
			);
			path = LocalyticsDeepLinkBreakagePOC;
			sourceTree = "<group>";
		};
		4D76E01C1D5AEDF9001FDBBA /* Supporting Files */ = {
			isa = PBXGroup;
			children = (
				4D76E01D1D5AEDF9001FDBBA /* main.m */,
			);
			name = "Supporting Files";
			sourceTree = "<group>";
		};
		9006E93330622A31D982BF1E /* Pods */ = {
			isa = PBXGroup;
			children = (
				6CB8D1FE030C85CDEA53E0B4 /* Pods-LocalyticsDeepLinkBreakagePOC.debug.xcconfig */,
				32CF28F3BA932803F6076D1E /* Pods-LocalyticsDeepLinkBreakagePOC.release.xcconfig */,
			);
			name = Pods;
			sourceTree = "<group>";
		};
		ABC35B44AE7DF6A9C8B2E195 /* Frameworks */ = {
			isa = PBXGroup;
			children = (
				5B01EB035C2ECC0728A0D30D /* libPods-LocalyticsDeepLinkBreakagePOC.a */,
			);
			name = Frameworks;
			sourceTree = "<group>";
		};
/* End PBXGroup section */

/* Begin PBXNativeTarget section */
		4D76E0181D5AEDF9001FDBBA /* LocalyticsDeepLinkBreakagePOC */ = {
			isa = PBXNativeTarget;
			buildConfigurationList = 4D76E0301D5AEDF9001FDBBA /* Build configuration list for PBXNativeTarget "LocalyticsDeepLinkBreakagePOC" */;
			buildPhases = (
				28286DE456BD5D7BEF254F77 /* [CP] Check Pods Manifest.lock */,
				4D76E0151D5AEDF9001FDBBA /* Sources */,
				4D76E0161D5AEDF9001FDBBA /* Frameworks */,
				4D76E0171D5AEDF9001FDBBA /* Resources */,
				72EDC3140907F610C6A64081 /* [CP] Embed Pods Frameworks */,
				23C16236B66529329C856774 /* [CP] Copy Pods Resources */,
			);
			buildRules = (
			);
			dependencies = (
			);
			name = LocalyticsDeepLinkBreakagePOC;
			productName = LocalyticsDeepLinkBreakagePOC;
			productReference = 4D76E0191D5AEDF9001FDBBA /* LocalyticsDeepLinkBreakagePOC.app */;
			productType = "com.apple.product-type.application";
		};
/* End PBXNativeTarget section */

/* Begin PBXProject section */
		4D76E0111D5AEDF8001FDBBA /* Project object */ = {
			isa = PBXProject;
			attributes = {
				LastUpgradeCheck = 0710;
				ORGANIZATIONNAME = "Jonathan Winger-lang";
				TargetAttributes = {
					4D76E0181D5AEDF9001FDBBA = {
						CreatedOnToolsVersion = 7.1;
					};
				};
			};
			buildConfigurationList = 4D76E0141D5AEDF8001FDBBA /* Build configuration list for PBXProject "LocalyticsDeepLinkBreakagePOC" */;
			compatibilityVersion = "Xcode 3.2";
			developmentRegion = English;
			hasScannedForEncodings = 0;
			knownRegions = (
				en,
				Base,
			);
			mainGroup = 4D76E0101D5AEDF8001FDBBA;
			productRefGroup = 4D76E01A1D5AEDF9001FDBBA /* Products */;
			projectDirPath = "";
			projectRoot = "";
			targets = (
				4D76E0181D5AEDF9001FDBBA /* LocalyticsDeepLinkBreakagePOC */,
			);
		};
/* End PBXProject section */

/* Begin PBXResourcesBuildPhase section */
		4D76E0171D5AEDF9001FDBBA /* Resources */ = {
			isa = PBXResourcesBuildPhase;
			buildActionMask = 2147483647;
			files = (
				4D76E02C1D5AEDF9001FDBBA /* LaunchScreen.storyboard in Resources */,
				4D76E0291D5AEDF9001FDBBA /* Assets.xcassets in Resources */,
				4D76E0271D5AEDF9001FDBBA /* Main.storyboard in Resources */,
			);
			runOnlyForDeploymentPostprocessing = 0;
		};
/* End PBXResourcesBuildPhase section */

/* Begin PBXShellScriptBuildPhase section */
		23C16236B66529329C856774 /* [CP] Copy Pods Resources */ = {
			isa = PBXShellScriptBuildPhase;
			buildActionMask = 2147483647;
			files = (
			);
			inputPaths = (
			);
			name = "[CP] Copy Pods Resources";
			outputPaths = (
			);
			runOnlyForDeploymentPostprocessing = 0;
			shellPath = /bin/sh;
			shellScript = "\"${SRCROOT}/Pods/Target Support Files/Pods-LocalyticsDeepLinkBreakagePOC/Pods-LocalyticsDeepLinkBreakagePOC-resources.sh\"\n";
			showEnvVarsInLog = 0;
		};
		28286DE456BD5D7BEF254F77 /* [CP] Check Pods Manifest.lock */ = {
			isa = PBXShellScriptBuildPhase;
			buildActionMask = 2147483647;
			files = (
			);
			inputPaths = (
			);
			name = "[CP] Check Pods Manifest.lock";
			outputPaths = (
			);
			runOnlyForDeploymentPostprocessing = 0;
			shellPath = /bin/sh;
			shellScript = "diff \"${PODS_ROOT}/../Podfile.lock\" \"${PODS_ROOT}/Manifest.lock\" > /dev/null\nif [[ $? != 0 ]] ; then\n    cat << EOM\nerror: The sandbox is not in sync with the Podfile.lock. Run 'pod install' or update your CocoaPods installation.\nEOM\n    exit 1\nfi\n";
			showEnvVarsInLog = 0;
		};
		72EDC3140907F610C6A64081 /* [CP] Embed Pods Frameworks */ = {
			isa = PBXShellScriptBuildPhase;
			buildActionMask = 2147483647;
			files = (
			);
			inputPaths = (
			);
			name = "[CP] Embed Pods Frameworks";
			outputPaths = (
			);
			runOnlyForDeploymentPostprocessing = 0;
			shellPath = /bin/sh;
			shellScript = "\"${SRCROOT}/Pods/Target Support Files/Pods-LocalyticsDeepLinkBreakagePOC/Pods-LocalyticsDeepLinkBreakagePOC-frameworks.sh\"\n";
			showEnvVarsInLog = 0;
		};
/* End PBXShellScriptBuildPhase section */

/* Begin PBXSourcesBuildPhase section */
		4D76E0151D5AEDF9001FDBBA /* Sources */ = {
			isa = PBXSourcesBuildPhase;
			buildActionMask = 2147483647;
			files = (
				4D76E0241D5AEDF9001FDBBA /* ViewController.m in Sources */,
				4D76E0211D5AEDF9001FDBBA /* AppDelegate.m in Sources */,
				4D76E01E1D5AEDF9001FDBBA /* main.m in Sources */,
			);
			runOnlyForDeploymentPostprocessing = 0;
		};
/* End PBXSourcesBuildPhase section */

/* Begin PBXVariantGroup section */
		4D76E0251D5AEDF9001FDBBA /* Main.storyboard */ = {
			isa = PBXVariantGroup;
			children = (
				4D76E0261D5AEDF9001FDBBA /* Base */,
			);
			name = Main.storyboard;
			sourceTree = "<group>";
		};
		4D76E02A1D5AEDF9001FDBBA /* LaunchScreen.storyboard */ = {
			isa = PBXVariantGroup;
			children = (
				4D76E02B1D5AEDF9001FDBBA /* Base */,
			);
			name = LaunchScreen.storyboard;
			sourceTree = "<group>";
		};
/* End PBXVariantGroup section */

/* Begin XCBuildConfiguration section */
		4D76E02E1D5AEDF9001FDBBA /* Debug */ = {
			isa = XCBuildConfiguration;
			buildSettings = {
				ALWAYS_SEARCH_USER_PATHS = NO;
				CLANG_CXX_LANGUAGE_STANDARD = "gnu++0x";
				CLANG_CXX_LIBRARY = "libc++";
				CLANG_ENABLE_MODULES = YES;
				CLANG_ENABLE_OBJC_ARC = YES;
				CLANG_WARN_BOOL_CONVERSION = YES;
				CLANG_WARN_CONSTANT_CONVERSION = YES;
				CLANG_WARN_DIRECT_OBJC_ISA_USAGE = YES_ERROR;
				CLANG_WARN_EMPTY_BODY = YES;
				CLANG_WARN_ENUM_CONVERSION = YES;
				CLANG_WARN_INT_CONVERSION = YES;
				CLANG_WARN_OBJC_ROOT_CLASS = YES_ERROR;
				CLANG_WARN_UNREACHABLE_CODE = YES;
				CLANG_WARN__DUPLICATE_METHOD_MATCH = YES;
				"CODE_SIGN_IDENTITY[sdk=iphoneos*]" = "iPhone Developer";
				COPY_PHASE_STRIP = NO;
				DEBUG_INFORMATION_FORMAT = dwarf;
				ENABLE_STRICT_OBJC_MSGSEND = YES;
				ENABLE_TESTABILITY = YES;
				GCC_C_LANGUAGE_STANDARD = gnu99;
				GCC_DYNAMIC_NO_PIC = NO;
				GCC_NO_COMMON_BLOCKS = YES;
				GCC_OPTIMIZATION_LEVEL = 0;
				GCC_PREPROCESSOR_DEFINITIONS = (
					"DEBUG=1",
					"$(inherited)",
				);
				GCC_WARN_64_TO_32_BIT_CONVERSION = YES;
				GCC_WARN_ABOUT_RETURN_TYPE = YES_ERROR;
				GCC_WARN_UNDECLARED_SELECTOR = YES;
				GCC_WARN_UNINITIALIZED_AUTOS = YES_AGGRESSIVE;
				GCC_WARN_UNUSED_FUNCTION = YES;
				GCC_WARN_UNUSED_VARIABLE = YES;
				IPHONEOS_DEPLOYMENT_TARGET = 9.1;
				MTL_ENABLE_DEBUG_INFO = YES;
				ONLY_ACTIVE_ARCH = YES;
				SDKROOT = iphoneos;
			};
			name = Debug;
		};
		4D76E02F1D5AEDF9001FDBBA /* Release */ = {
			isa = XCBuildConfiguration;
			buildSettings = {
				ALWAYS_SEARCH_USER_PATHS = NO;
				CLANG_CXX_LANGUAGE_STANDARD = "gnu++0x";
				CLANG_CXX_LIBRARY = "libc++";
				CLANG_ENABLE_MODULES = YES;
				CLANG_ENABLE_OBJC_ARC = YES;
				CLANG_WARN_BOOL_CONVERSION = YES;
				CLANG_WARN_CONSTANT_CONVERSION = YES;
				CLANG_WARN_DIRECT_OBJC_ISA_USAGE = YES_ERROR;
				CLANG_WARN_EMPTY_BODY = YES;
				CLANG_WARN_ENUM_CONVERSION = YES;
				CLANG_WARN_INT_CONVERSION = YES;
				CLANG_WARN_OBJC_ROOT_CLASS = YES_ERROR;
				CLANG_WARN_UNREACHABLE_CODE = YES;
				CLANG_WARN__DUPLICATE_METHOD_MATCH = YES;
				"CODE_SIGN_IDENTITY[sdk=iphoneos*]" = "iPhone Developer";
				COPY_PHASE_STRIP = NO;
				DEBUG_INFORMATION_FORMAT = "dwarf-with-dsym";
				ENABLE_NS_ASSERTIONS = NO;
				ENABLE_STRICT_OBJC_MSGSEND = YES;
				GCC_C_LANGUAGE_STANDARD = gnu99;
				GCC_NO_COMMON_BLOCKS = YES;
				GCC_WARN_64_TO_32_BIT_CONVERSION = YES;
				GCC_WARN_ABOUT_RETURN_TYPE = YES_ERROR;
				GCC_WARN_UNDECLARED_SELECTOR = YES;
				GCC_WARN_UNINITIALIZED_AUTOS = YES_AGGRESSIVE;
				GCC_WARN_UNUSED_FUNCTION = YES;
				GCC_WARN_UNUSED_VARIABLE = YES;
				IPHONEOS_DEPLOYMENT_TARGET = 9.1;
				MTL_ENABLE_DEBUG_INFO = NO;
				SDKROOT = iphoneos;
				VALIDATE_PRODUCT = YES;
			};
			name = Release;
		};
		4D76E0311D5AEDF9001FDBBA /* Debug */ = {
			isa = XCBuildConfiguration;
			baseConfigurationReference = 6CB8D1FE030C85CDEA53E0B4 /* Pods-LocalyticsDeepLinkBreakagePOC.debug.xcconfig */;
			buildSettings = {
				ASSETCATALOG_COMPILER_APPICON_NAME = AppIcon;
				INFOPLIST_FILE = LocalyticsDeepLinkBreakagePOC/Info.plist;
				IPHONEOS_DEPLOYMENT_TARGET = 8.0;
				LD_RUNPATH_SEARCH_PATHS = "$(inherited) @executable_path/Frameworks";
				PRODUCT_BUNDLE_IDENTIFIER = none.LocalyticsDeepLinkBreakagePOC;
				PRODUCT_NAME = "$(TARGET_NAME)";
			};
			name = Debug;
		};
		4D76E0321D5AEDF9001FDBBA /* Release */ = {
			isa = XCBuildConfiguration;
			baseConfigurationReference = 32CF28F3BA932803F6076D1E /* Pods-LocalyticsDeepLinkBreakagePOC.release.xcconfig */;
			buildSettings = {
				ASSETCATALOG_COMPILER_APPICON_NAME = AppIcon;
				INFOPLIST_FILE = LocalyticsDeepLinkBreakagePOC/Info.plist;
				IPHONEOS_DEPLOYMENT_TARGET = 8.0;
				LD_RUNPATH_SEARCH_PATHS = "$(inherited) @executable_path/Frameworks";
				PRODUCT_BUNDLE_IDENTIFIER = none.LocalyticsDeepLinkBreakagePOC;
				PRODUCT_NAME = "$(TARGET_NAME)";
			};
			name = Release;
		};
/* End XCBuildConfiguration section */

/* Begin XCConfigurationList section */
		4D76E0141D5AEDF8001FDBBA /* Build configuration list for PBXProject "LocalyticsDeepLinkBreakagePOC" */ = {
			isa = XCConfigurationList;
			buildConfigurations = (
				4D76E02E1D5AEDF9001FDBBA /* Debug */,
				4D76E02F1D5AEDF9001FDBBA /* Release */,
			);
			defaultConfigurationIsVisible = 0;
			defaultConfigurationName = Release;
		};
		4D76E0301D5AEDF9001FDBBA /* Build configuration list for PBXNativeTarget "LocalyticsDeepLinkBreakagePOC" */ = {
			isa = XCConfigurationList;
			buildConfigurations = (
				4D76E0311D5AEDF9001FDBBA /* Debug */,
				4D76E0321D5AEDF9001FDBBA /* Release */,
			);
			defaultConfigurationIsVisible = 0;
			defaultConfigurationName = Release;
		};
/* End XCConfigurationList section */
	};
	rootObject = 4D76E0111D5AEDF8001FDBBA /* Project object */;
}
